
Microsoft Visual Studio Solution File, Format Version 12.00
# Visual Studio Version 16
VisualStudioVersion = 16.0.32802.440
MinimumVisualStudioVersion = 10.0.40219.1
Project("{FAE04EC0-301F-11D3-BF4B-00C04F79EFBC}") = "RegistryOfEstablisment", "RegistryOfEstablisment\RegistryOfEstablisment.csproj", "{DEE326A3-F448-450A-B6F3-A952CC407310}"
EndProject
Global
	GlobalSection(SolutionConfigurationPlatforms) = preSolution
		Debug|Any CPU = Debug|Any CPU
		Release|Any CPU = Release|Any CPU
	EndGlobalSection
	GlobalSection(ProjectConfigurationPlatforms) = postSolution
		{DEE326A3-F448-450A-B6F3-A952CC407310}.Debug|Any CPU.ActiveCfg = Debug|Any CPU
		{DEE326A3-F448-450A-B6F3-A952CC407310}.Debug|Any CPU.Build.0 = Debug|Any CPU
		{DEE326A3-F448-450A-B6F3-A952CC407310}.Release|Any CPU.ActiveCfg = Release|Any CPU
		{DEE326A3-F448-450A-B6F3-A952CC407310}.Release|Any CPU.Build.0 = Release|Any CPU
	EndGlobalSection
	GlobalSection(SolutionProperties) = preSolution
		HideSolutionNode = FALSE
	EndGlobalSection
	GlobalSection(ExtensibilityGlobals) = postSolution
		SolutionGuid = {8A84F45B-6A41-4AC7-8EC0-AA722928EAD3}
	EndGlobalSection
EndGlobal
